# THIS IS AN AUTOGENERATED FILE. DO NOT EDIT THIS FILE DIRECTLY.
# yarn lockfile v1


"@gobl/flavour-ui@^0.0.1":
  version "0.0.1"
  resolved "https://registry.yarnpkg.com/@gobl/flavour-ui/-/flavour-ui-0.0.1.tgz#2620848719cf7c47309d837e7433296f5bd6376d"
  integrity sha512-pWCiO5QRwPcLE20LfIJXTBR6BoL9LSL7Y05iLP5mfihWwlpoAKzZFqRJtDrynJLlV9U0UzmJrtuaaktxchTfGw==
